{
  "name": "nodemailer-otp",
  "version": "1.0.8",
  "lockfileVersion": 3,
  "requires": true,
  "packages": {
    "": {
      "name": "nodemailer-otp",
      "version": "1.0.8",
      "license": "MIT",
      "dependencies": {
        "dotenv": "^16.4.7",
        "nodemailer": "^6.9.16",
        "nodemailer-otp": "^1.0.6"
      }
    },
    "node_modules/dotenv": {
      "version": "16.4.7",
      "resolved": "https://registry.npmjs.org/dotenv/-/dotenv-16.4.7.tgz",
      "integrity": "sha512-47qPchRCykZC03FhkYAhrvwU4xDBFIj1QPqaarj6mdM/hgUzfPHcpkHJOn3mJAufFeeAxAzeGsr5X0M4k6fLZQ==",
      "license": "BSD-2-Clause",
      "engines": {
        "node": ">=12"
      },
      "funding": {
        "url": "https://dotenvx.com"
      }
    },
    "node_modules/nodemailer": {
      "version": "6.9.16",
      "resolved": "https://registry.npmjs.org/nodemailer/-/nodemailer-6.9.16.tgz",
      "integrity": "sha512-psAuZdTIRN08HKVd/E8ObdV6NO7NTBY3KsC30F7M4H1OnmLCUNaS56FpYxyb26zWLSyYF9Ozch9KYHhHegsiOQ==",
      "license": "MIT-0",
      "engines": {
        "node": ">=6.0.0"
      }
    },
    "node_modules/nodemailer-otp": {
      "version": "1.0.6",
      "resolved": "https://registry.npmjs.org/nodemailer-otp/-/nodemailer-otp-1.0.6.tgz",
      "integrity": "sha512-E0m0oMKVXYESj3tYfUnrqjbM4aEH7dkk8LerUPyy2YsSKfiTpxyC1RtalI1OgALy51OXsiBR5HhEwiP2V76vfQ==",
      "license": "MIT",
      "dependencies": {
        "dotenv": "^16.4.7",
        "nodemailer": "^6.9.16"
      }
    }
  }
}
